{
  "name": "demo",
  "version": "1.0.0",
  "lockfileVersion": 1,
  "requires": true,
  "dependencies": {
    "@wasmer/wasi": {
      "version": "1.2.2",
      "resolved": "https://registry.npmjs.org/@wasmer/wasi/-/wasi-1.2.2.tgz",
      "integrity": "sha512-39ZB3gefOVhBmkhf7Ta79RRSV/emIV8LhdvcWhP/MOZEjMmtzoZWMzt7phdKj8CUXOze+AwbvGK60lKaKldn1w=="
    }
  }
}
